
Microsoft Visual Studio Solution File, Format Version 12.00
# Visual Studio Version 16
VisualStudioVersion = 16.0.30717.126
MinimumVisualStudioVersion = 10.0.40219.1
Project("{9A19103F-16F7-4668-BE54-9A1E7A4F7556}") = "CollectionEquallity", "CollectionEquallity\CollectionEquallity.csproj", "{1BE529D4-30FC-42F4-95B4-BD0327657524}"
EndProject
Project("{2150E333-8FDC-42A3-9474-1A3956D46DE8}") = "TourBookerDictionary", "TourBookerDictionary", "{4D0B68D0-D8BE-4719-B4CF-77D58A997CCA}"
EndProject
Project("{FAE04EC0-301F-11D3-BF4B-00C04F79EFBC}") = "TourBooker.UI", "TourBooker.UI\TourBooker.UI.csproj", "{D021A1A5-6FC2-4C7C-8E13-9D8228461CD9}"
EndProject
Project("{FAE04EC0-301F-11D3-BF4B-00C04F79EFBC}") = "TourBooker.Logic", "TourBooker.Logic\TourBooker.Logic.csproj", "{77BB6516-4E38-4461-8CCD-02C12FF7D0E2}"
EndProject
Project("{2150E333-8FDC-42A3-9474-1A3956D46DE8}") = "Solution Items", "Solution Items", "{7D6E673C-A9A6-4F0A-A27E-3A98C0B6442F}"
	ProjectSection(SolutionItems) = preProject
		Notes.docx = Notes.docx
	EndProjectSection
EndProject
Project("{2150E333-8FDC-42A3-9474-1A3956D46DE8}") = "TourBookerLinkedList", "TourBookerLinkedList", "{F8FB71D9-A349-410E-BB60-7A899652BBC9}"
EndProject
Project("{FAE04EC0-301F-11D3-BF4B-00C04F79EFBC}") = "TourBooker.Logic", "TourBookerLinkedList\TourBooker.Logic\TourBooker.Logic.csproj", "{6BA5DC62-9BF3-469C-9D61-84487D73AE2D}"
EndProject
Project("{FAE04EC0-301F-11D3-BF4B-00C04F79EFBC}") = "TourBooker.UI", "TourBookerLinkedList\TourBooker.UI\TourBooker.UI.csproj", "{E4B80D67-B1A6-4DF5-BDCB-67CF74281E12}"
EndProject
Project("{2150E333-8FDC-42A3-9474-1A3956D46DE8}") = "TourBooker Stack", "TourBooker Stack", "{4CD6B1A2-0C29-44B2-8CAF-FCC63BFC720D}"
EndProject
Project("{FAE04EC0-301F-11D3-BF4B-00C04F79EFBC}") = "TourBooker.Logic", "TourBooker Stack\TourBooker.Logic\TourBooker.Logic.csproj", "{6FAEE3C3-7021-4354-A7EB-7B5E93964453}"
EndProject
Project("{FAE04EC0-301F-11D3-BF4B-00C04F79EFBC}") = "TourBooker.UI", "TourBooker Stack\TourBooker.UI\TourBooker.UI.csproj", "{DB2EAA86-5F75-43BE-8590-174C0630FDBE}"
EndProject
Project("{2150E333-8FDC-42A3-9474-1A3956D46DE8}") = "TourBooker Queue", "TourBooker Queue", "{9EA53B67-FF44-454C-8F67-7FBDA17C16F0}"
EndProject
Project("{FAE04EC0-301F-11D3-BF4B-00C04F79EFBC}") = "TourBooker.Logic", "TourBooker Queue\TourBooker.Logic\TourBooker.Logic.csproj", "{E129E0FD-7955-48E1-BF93-FE981255E24B}"
EndProject
Project("{FAE04EC0-301F-11D3-BF4B-00C04F79EFBC}") = "TourBooker.UI", "TourBooker Queue\TourBooker.UI\TourBooker.UI.csproj", "{098C7E76-1390-4339-AF56-D32416070668}"
EndProject
Global
	GlobalSection(SolutionConfigurationPlatforms) = preSolution
		Debug|Any CPU = Debug|Any CPU
		Release|Any CPU = Release|Any CPU
	EndGlobalSection
	GlobalSection(ProjectConfigurationPlatforms) = postSolution
		{1BE529D4-30FC-42F4-95B4-BD0327657524}.Debug|Any CPU.ActiveCfg = Debug|Any CPU
		{1BE529D4-30FC-42F4-95B4-BD0327657524}.Debug|Any CPU.Build.0 = Debug|Any CPU
		{1BE529D4-30FC-42F4-95B4-BD0327657524}.Release|Any CPU.ActiveCfg = Release|Any CPU
		{1BE529D4-30FC-42F4-95B4-BD0327657524}.Release|Any CPU.Build.0 = Release|Any CPU
		{D021A1A5-6FC2-4C7C-8E13-9D8228461CD9}.Debug|Any CPU.ActiveCfg = Debug|Any CPU
		{D021A1A5-6FC2-4C7C-8E13-9D8228461CD9}.Debug|Any CPU.Build.0 = Debug|Any CPU
		{D021A1A5-6FC2-4C7C-8E13-9D8228461CD9}.Release|Any CPU.ActiveCfg = Release|Any CPU
		{D021A1A5-6FC2-4C7C-8E13-9D8228461CD9}.Release|Any CPU.Build.0 = Release|Any CPU
		{77BB6516-4E38-4461-8CCD-02C12FF7D0E2}.Debug|Any CPU.ActiveCfg = Debug|Any CPU
		{77BB6516-4E38-4461-8CCD-02C12FF7D0E2}.Debug|Any CPU.Build.0 = Debug|Any CPU
		{77BB6516-4E38-4461-8CCD-02C12FF7D0E2}.Release|Any CPU.ActiveCfg = Release|Any CPU
		{77BB6516-4E38-4461-8CCD-02C12FF7D0E2}.Release|Any CPU.Build.0 = Release|Any CPU
		{6BA5DC62-9BF3-469C-9D61-84487D73AE2D}.Debug|Any CPU.ActiveCfg = Debug|Any CPU
		{6BA5DC62-9BF3-469C-9D61-84487D73AE2D}.Debug|Any CPU.Build.0 = Debug|Any CPU
		{6BA5DC62-9BF3-469C-9D61-84487D73AE2D}.Release|Any CPU.ActiveCfg = Release|Any CPU
		{6BA5DC62-9BF3-469C-9D61-84487D73AE2D}.Release|Any CPU.Build.0 = Release|Any CPU
		{E4B80D67-B1A6-4DF5-BDCB-67CF74281E12}.Debug|Any CPU.ActiveCfg = Debug|Any CPU
		{E4B80D67-B1A6-4DF5-BDCB-67CF74281E12}.Debug|Any CPU.Build.0 = Debug|Any CPU
		{E4B80D67-B1A6-4DF5-BDCB-67CF74281E12}.Release|Any CPU.ActiveCfg = Release|Any CPU
		{E4B80D67-B1A6-4DF5-BDCB-67CF74281E12}.Release|Any CPU.Build.0 = Release|Any CPU
		{6FAEE3C3-7021-4354-A7EB-7B5E93964453}.Debug|Any CPU.ActiveCfg = Debug|Any CPU
		{6FAEE3C3-7021-4354-A7EB-7B5E93964453}.Debug|Any CPU.Build.0 = Debug|Any CPU
		{6FAEE3C3-7021-4354-A7EB-7B5E93964453}.Release|Any CPU.ActiveCfg = Release|Any CPU
		{6FAEE3C3-7021-4354-A7EB-7B5E93964453}.Release|Any CPU.Build.0 = Release|Any CPU
		{DB2EAA86-5F75-43BE-8590-174C0630FDBE}.Debug|Any CPU.ActiveCfg = Debug|Any CPU
		{DB2EAA86-5F75-43BE-8590-174C0630FDBE}.Debug|Any CPU.Build.0 = Debug|Any CPU
		{DB2EAA86-5F75-43BE-8590-174C0630FDBE}.Release|Any CPU.ActiveCfg = Release|Any CPU
		{DB2EAA86-5F75-43BE-8590-174C0630FDBE}.Release|Any CPU.Build.0 = Release|Any CPU
		{E129E0FD-7955-48E1-BF93-FE981255E24B}.Debug|Any CPU.ActiveCfg = Debug|Any CPU
		{E129E0FD-7955-48E1-BF93-FE981255E24B}.Debug|Any CPU.Build.0 = Debug|Any CPU
		{E129E0FD-7955-48E1-BF93-FE981255E24B}.Release|Any CPU.ActiveCfg = Release|Any CPU
		{E129E0FD-7955-48E1-BF93-FE981255E24B}.Release|Any CPU.Build.0 = Release|Any CPU
		{098C7E76-1390-4339-AF56-D32416070668}.Debug|Any CPU.ActiveCfg = Debug|Any CPU
		{098C7E76-1390-4339-AF56-D32416070668}.Debug|Any CPU.Build.0 = Debug|Any CPU
		{098C7E76-1390-4339-AF56-D32416070668}.Release|Any CPU.ActiveCfg = Release|Any CPU
		{098C7E76-1390-4339-AF56-D32416070668}.Release|Any CPU.Build.0 = Release|Any CPU
	EndGlobalSection
	GlobalSection(SolutionProperties) = preSolution
		HideSolutionNode = FALSE
	EndGlobalSection
	GlobalSection(NestedProjects) = preSolution
		{D021A1A5-6FC2-4C7C-8E13-9D8228461CD9} = {4D0B68D0-D8BE-4719-B4CF-77D58A997CCA}
		{77BB6516-4E38-4461-8CCD-02C12FF7D0E2} = {4D0B68D0-D8BE-4719-B4CF-77D58A997CCA}
		{6BA5DC62-9BF3-469C-9D61-84487D73AE2D} = {F8FB71D9-A349-410E-BB60-7A899652BBC9}
		{E4B80D67-B1A6-4DF5-BDCB-67CF74281E12} = {F8FB71D9-A349-410E-BB60-7A899652BBC9}
		{6FAEE3C3-7021-4354-A7EB-7B5E93964453} = {4CD6B1A2-0C29-44B2-8CAF-FCC63BFC720D}
		{DB2EAA86-5F75-43BE-8590-174C0630FDBE} = {4CD6B1A2-0C29-44B2-8CAF-FCC63BFC720D}
		{E129E0FD-7955-48E1-BF93-FE981255E24B} = {9EA53B67-FF44-454C-8F67-7FBDA17C16F0}
		{098C7E76-1390-4339-AF56-D32416070668} = {9EA53B67-FF44-454C-8F67-7FBDA17C16F0}
	EndGlobalSection
	GlobalSection(ExtensibilityGlobals) = postSolution
		SolutionGuid = {5971407F-6354-4B36-AA17-7B7612BCC7C6}
	EndGlobalSection
EndGlobal
